{
  "name": "aispec",
  "version": "1.0.0",
  "lockfileVersion": 3,
  "requires": true,
  "packages": {
    "": {
      "name": "aispec",
      "version": "1.0.0",
      "license": "ISC",
      "dependencies": {
        "opensrc": "^0.7.2",
        "shell-quote": "^1.10.0"
      }
    },
    "node_modules/opensrc": {
      "version": "0.7.2",
      "resolved": "https://registry.npmjs.org/opensrc/-/opensrc-0.7.2.tgz",
      "integrity": "sha512-Tm0JVco91JYuaousOrWMvEhPd7cAOQuSp3v800VtUs2xRAmt60Wi431AfEKBEWpUGYCNXh25Eiod4xYS+8WAEg==",
      "hasInstallScript": true,
      "license": "Apache-2.0",
      "bin": {
        "opensrc": "bin/opensrc.js"
      }
    },
    "node_modules/shell-quote": {
      "version": "1.10.0",
      "resolved": "https://registry.npmjs.org/shell-quote/-/shell-quote-1.10.0.tgz",
      "integrity": "sha512-w1aiOKwKuRgtwAReIIj89puqg+I7GvX4IbLrvmhXbzQsj1+Zwi4VO3+fa6ZF91TWSjIxoEkKnMeHcLEODK5ZXA==",
      "engines": {
        "node": ">= 0.4"
      },
      "funding": {
        "url": "https://github.com/sponsors/ljharb"
      }
    }
  }
}
